// !$*UTF8*$!
{
	archiveVersion = 1;
	classes = {
	};
	objectVersion = 46;
	objects = {

/* Begin PBXBuildFile section */
		6BA815D21938882700FAEAD6 /* KHCSSPSlideshare.m in Sources */ = {isa = PBXBuildFile; fileRef = 6BA815D11938882700FAEAD6 /* KHCSSPSlideshare.m */; };
		6BA815D519388D7E00FAEAD6 /* KHCSISlideshare.m in Sources */ = {isa = PBXBuildFile; fileRef = 6BA815D419388D7E00FAEAD6 /* KHCSISlideshare.m */; };
		6FEECA58193869560007B09F /* Foundation.framework in Frameworks */ = {isa = PBXBuildFile; fileRef = 6FEECA57193869560007B09F /* Foundation.framework */; };
		6FEECA5A193869560007B09F /* CoreGraphics.framework in Frameworks */ = {isa = PBXBuildFile; fileRef = 6FEECA59193869560007B09F /* CoreGraphics.framework */; };
		6FEECA5C193869560007B09F /* UIKit.framework in Frameworks */ = {isa = PBXBuildFile; fileRef = 6FEECA5B193869560007B09F /* UIKit.framework */; };
		6FEECA62193869560007B09F /* InfoPlist.strings in Resources */ = {isa = PBXBuildFile; fileRef = 6FEECA60193869560007B09F /* InfoPlist.strings */; };
		6FEECA64193869560007B09F /* main.m in Sources */ = {isa = PBXBuildFile; fileRef = 6FEECA63193869560007B09F /* main.m */; };
		6FEECA68193869560007B09F /* KHCAppDelegate.m in Sources */ = {isa = PBXBuildFile; fileRef = 6FEECA67193869560007B09F /* KHCAppDelegate.m */; };
		6FEECA6A193869560007B09F /* Images.xcassets in Resources */ = {isa = PBXBuildFile; fileRef = 6FEECA69193869560007B09F /* Images.xcassets */; };
		6FEECA71193869570007B09F /* XCTest.framework in Frameworks */ = {isa = PBXBuildFile; fileRef = 6FEECA70193869570007B09F /* XCTest.framework */; };
		6FEECA72193869570007B09F /* Foundation.framework in Frameworks */ = {isa = PBXBuildFile; fileRef = 6FEECA57193869560007B09F /* Foundation.framework */; };
		6FEECA73193869570007B09F /* UIKit.framework in Frameworks */ = {isa = PBXBuildFile; fileRef = 6FEECA5B193869560007B09F /* UIKit.framework */; };
		6FEECA7B193869570007B09F /* InfoPlist.strings in Resources */ = {isa = PBXBuildFile; fileRef = 6FEECA79193869570007B09F /* InfoPlist.strings */; };
		6FEECA7D193869570007B09F /* sliderTests.m in Sources */ = {isa = PBXBuildFile; fileRef = 6FEECA7C193869570007B09F /* sliderTests.m */; };
		6FEECA8719386CB90007B09F /* Main.storyboard in Resources */ = {isa = PBXBuildFile; fileRef = 6FEECA8619386CB90007B09F /* Main.storyboard */; };
		6FEECA8A19386DBD0007B09F /* KHCMainViewController.m in Sources */ = {isa = PBXBuildFile; fileRef = 6FEECA8919386DBD0007B09F /* KHCMainViewController.m */; };
/* End PBXBuildFile section */

/* Begin PBXContainerItemProxy section */
		6FEECA74193869570007B09F /* PBXContainerItemProxy */ = {
			isa = PBXContainerItemProxy;
			containerPortal = 6FEECA4C193869560007B09F /* Project object */;
			proxyType = 1;
			remoteGlobalIDString = 6FEECA53193869560007B09F;
			remoteInfo = slider;
		};
/* End PBXContainerItemProxy section */

/* Begin PBXFileReference section */
		6BA815CE1938869D00FAEAD6 /* KHCSlideServiceProvider.h */ = {isa = PBXFileReference; lastKnownFileType = sourcecode.c.h; name = KHCSlideServiceProvider.h; path = SSP/KHCSlideServiceProvider.h; sourceTree = "<group>"; };
		6BA815CF193886DC00FAEAD6 /* KHCSlideItem.h */ = {isa = PBXFileReference; lastKnownFileType = sourcecode.c.h; name = KHCSlideItem.h; path = SSP/KHCSlideItem.h; sourceTree = "<group>"; };
		6BA815D01938882700FAEAD6 /* KHCSSPSlideshare.h */ = {isa = PBXFileReference; fileEncoding = 4; lastKnownFileType = sourcecode.c.h; name = KHCSSPSlideshare.h; path = SSP/KHCSSPSlideshare.h; sourceTree = "<group>"; };
		6BA815D11938882700FAEAD6 /* KHCSSPSlideshare.m */ = {isa = PBXFileReference; fileEncoding = 4; lastKnownFileType = sourcecode.c.objc; name = KHCSSPSlideshare.m; path = SSP/KHCSSPSlideshare.m; sourceTree = "<group>"; };
		6BA815D319388D7E00FAEAD6 /* KHCSISlideshare.h */ = {isa = PBXFileReference; fileEncoding = 4; lastKnownFileType = sourcecode.c.h; name = KHCSISlideshare.h; path = SSP/KHCSISlideshare.h; sourceTree = "<group>"; };
		6BA815D419388D7E00FAEAD6 /* KHCSISlideshare.m */ = {isa = PBXFileReference; fileEncoding = 4; lastKnownFileType = sourcecode.c.objc; name = KHCSISlideshare.m; path = SSP/KHCSISlideshare.m; sourceTree = "<group>"; };
		6FEECA54193869560007B09F /* slider.app */ = {isa = PBXFileReference; explicitFileType = wrapper.application; includeInIndex = 0; path = slider.app; sourceTree = BUILT_PRODUCTS_DIR; };
		6FEECA57193869560007B09F /* Foundation.framework */ = {isa = PBXFileReference; lastKnownFileType = wrapper.framework; name = Foundation.framework; path = System/Library/Frameworks/Foundation.framework; sourceTree = SDKROOT; };
		6FEECA59193869560007B09F /* CoreGraphics.framework */ = {isa = PBXFileReference; lastKnownFileType = wrapper.framework; name = CoreGraphics.framework; path = System/Library/Frameworks/CoreGraphics.framework; sourceTree = SDKROOT; };
		6FEECA5B193869560007B09F /* UIKit.framework */ = {isa = PBXFileReference; lastKnownFileType = wrapper.framework; name = UIKit.framework; path = System/Library/Frameworks/UIKit.framework; sourceTree = SDKROOT; };
		6FEECA5F193869560007B09F /* slider-Info.plist */ = {isa = PBXFileReference; lastKnownFileType = text.plist.xml; path = "slider-Info.plist"; sourceTree = "<group>"; };
		6FEECA61193869560007B09F /* en */ = {isa = PBXFileReference; lastKnownFileType = text.plist.strings; name = en; path = en.lproj/InfoPlist.strings; sourceTree = "<group>"; };
		6FEECA63193869560007B09F /* main.m */ = {isa = PBXFileReference; lastKnownFileType = sourcecode.c.objc; path = main.m; sourceTree = "<group>"; };
		6FEECA65193869560007B09F /* slider-Prefix.pch */ = {isa = PBXFileReference; lastKnownFileType = sourcecode.c.h; path = "slider-Prefix.pch"; sourceTree = "<group>"; };
		6FEECA66193869560007B09F /* KHCAppDelegate.h */ = {isa = PBXFileReference; lastKnownFileType = sourcecode.c.h; path = KHCAppDelegate.h; sourceTree = "<group>"; };
		6FEECA67193869560007B09F /* KHCAppDelegate.m */ = {isa = PBXFileReference; lastKnownFileType = sourcecode.c.objc; path = KHCAppDelegate.m; sourceTree = "<group>"; };
		6FEECA69193869560007B09F /* Images.xcassets */ = {isa = PBXFileReference; lastKnownFileType = folder.assetcatalog; path = Images.xcassets; sourceTree = "<group>"; };
		6FEECA6F193869570007B09F /* sliderTests.xctest */ = {isa = PBXFileReference; explicitFileType = wrapper.cfbundle; includeInIndex = 0; path = sliderTests.xctest; sourceTree = BUILT_PRODUCTS_DIR; };
		6FEECA70193869570007B09F /* XCTest.framework */ = {isa = PBXFileReference; lastKnownFileType = wrapper.framework; name = XCTest.framework; path = Library/Frameworks/XCTest.framework; sourceTree = DEVELOPER_DIR; };
		6FEECA78193869570007B09F /* sliderTests-Info.plist */ = {isa = PBXFileReference; lastKnownFileType = text.plist.xml; path = "sliderTests-Info.plist"; sourceTree = "<group>"; };
		6FEECA7A193869570007B09F /* en */ = {isa = PBXFileReference; lastKnownFileType = text.plist.strings; name = en; path = en.lproj/InfoPlist.strings; sourceTree = "<group>"; };
		6FEECA7C193869570007B09F /* sliderTests.m */ = {isa = PBXFileReference; lastKnownFileType = sourcecode.c.objc; path = sliderTests.m; sourceTree = "<group>"; };
		6FEECA8619386CB90007B09F /* Main.storyboard */ = {isa = PBXFileReference; fileEncoding = 4; lastKnownFileType = file.storyboard; path = Main.storyboard; sourceTree = "<group>"; };
		6FEECA8819386DBD0007B09F /* KHCMainViewController.h */ = {isa = PBXFileReference; fileEncoding = 4; lastKnownFileType = sourcecode.c.h; path = KHCMainViewController.h; sourceTree = "<group>"; };
		6FEECA8919386DBD0007B09F /* KHCMainViewController.m */ = {isa = PBXFileReference; fileEncoding = 4; lastKnownFileType = sourcecode.c.objc; path = KHCMainViewController.m; sourceTree = "<group>"; };
/* End PBXFileReference section */

/* Begin PBXFrameworksBuildPhase section */
		6FEECA51193869560007B09F /* Frameworks */ = {
			isa = PBXFrameworksBuildPhase;
			buildActionMask = 2147483647;
			files = (
				6FEECA5A193869560007B09F /* CoreGraphics.framework in Frameworks */,
				6FEECA5C193869560007B09F /* UIKit.framework in Frameworks */,
				6FEECA58193869560007B09F /* Foundation.framework in Frameworks */,
			);
			runOnlyForDeploymentPostprocessing = 0;
		};
		6FEECA6C193869570007B09F /* Frameworks */ = {
			isa = PBXFrameworksBuildPhase;
			buildActionMask = 2147483647;
			files = (
				6FEECA71193869570007B09F /* XCTest.framework in Frameworks */,
				6FEECA73193869570007B09F /* UIKit.framework in Frameworks */,
				6FEECA72193869570007B09F /* Foundation.framework in Frameworks */,
			);
			runOnlyForDeploymentPostprocessing = 0;
		};
/* End PBXFrameworksBuildPhase section */

/* Begin PBXGroup section */
		6BA815C619387E1600FAEAD6 /* SSP */ = {
			isa = PBXGroup;
			children = (
				6BA815CF193886DC00FAEAD6 /* KHCSlideItem.h */,
				6BA815D319388D7E00FAEAD6 /* KHCSISlideshare.h */,
				6BA815D419388D7E00FAEAD6 /* KHCSISlideshare.m */,
				6BA815CE1938869D00FAEAD6 /* KHCSlideServiceProvider.h */,
				6BA815D01938882700FAEAD6 /* KHCSSPSlideshare.h */,
				6BA815D11938882700FAEAD6 /* KHCSSPSlideshare.m */,
			);
			name = SSP;
			sourceTree = "<group>";
		};
		6FEECA4B193869560007B09F = {
			isa = PBXGroup;
			children = (
				6FEECA5D193869560007B09F /* slider */,
				6FEECA76193869570007B09F /* sliderTests */,
				6FEECA56193869560007B09F /* Frameworks */,
				6FEECA55193869560007B09F /* Products */,
			);
			sourceTree = "<group>";
		};
		6FEECA55193869560007B09F /* Products */ = {
			isa = PBXGroup;
			children = (
				6FEECA54193869560007B09F /* slider.app */,
				6FEECA6F193869570007B09F /* sliderTests.xctest */,
			);
			name = Products;
			sourceTree = "<group>";
		};
		6FEECA56193869560007B09F /* Frameworks */ = {
			isa = PBXGroup;
			children = (
				6FEECA57193869560007B09F /* Foundation.framework */,
				6FEECA59193869560007B09F /* CoreGraphics.framework */,
				6FEECA5B193869560007B09F /* UIKit.framework */,
				6FEECA70193869570007B09F /* XCTest.framework */,
			);
			name = Frameworks;
			sourceTree = "<group>";
		};
		6FEECA5D193869560007B09F /* slider */ = {
			isa = PBXGroup;
			children = (
				6BA815C619387E1600FAEAD6 /* SSP */,
				6FEECA66193869560007B09F /* KHCAppDelegate.h */,
				6FEECA67193869560007B09F /* KHCAppDelegate.m */,
				6FEECA8619386CB90007B09F /* Main.storyboard */,
				6FEECA8819386DBD0007B09F /* KHCMainViewController.h */,
				6FEECA8919386DBD0007B09F /* KHCMainViewController.m */,
				6FEECA69193869560007B09F /* Images.xcassets */,
				6FEECA5E193869560007B09F /* Supporting Files */,
			);
			path = slider;
			sourceTree = "<group>";
		};
		6FEECA5E193869560007B09F /* Supporting Files */ = {
			isa = PBXGroup;
			children = (
				6FEECA5F193869560007B09F /* slider-Info.plist */,
				6FEECA60193869560007B09F /* InfoPlist.strings */,
				6FEECA63193869560007B09F /* main.m */,
				6FEECA65193869560007B09F /* slider-Prefix.pch */,
			);
			name = "Supporting Files";
			sourceTree = "<group>";
		};
		6FEECA76193869570007B09F /* sliderTests */ = {
			isa = PBXGroup;
			children = (
				6FEECA7C193869570007B09F /* sliderTests.m */,
				6FEECA77193869570007B09F /* Supporting Files */,
			);
			path = sliderTests;
			sourceTree = "<group>";
		};
		6FEECA77193869570007B09F /* Supporting Files */ = {
			isa = PBXGroup;
			children = (
				6FEECA78193869570007B09F /* sliderTests-Info.plist */,
				6FEECA79193869570007B09F /* InfoPlist.strings */,
			);
			name = "Supporting Files";
			sourceTree = "<group>";
		};
/* End PBXGroup section */

/* Begin PBXNativeTarget section */
		6FEECA53193869560007B09F /* slider */ = {
			isa = PBXNativeTarget;
			buildConfigurationList = 6FEECA80193869570007B09F /* Build configuration list for PBXNativeTarget "slider" */;
			buildPhases = (
				6FEECA50193869560007B09F /* Sources */,
				6FEECA51193869560007B09F /* Frameworks */,
				6FEECA52193869560007B09F /* Resources */,
			);
			buildRules = (
			);
			dependencies = (
			);
			name = slider;
			productName = slider;
			productReference = 6FEECA54193869560007B09F /* slider.app */;
			productType = "com.apple.product-type.application";
		};
		6FEECA6E193869570007B09F /* sliderTests */ = {
			isa = PBXNativeTarget;
			buildConfigurationList = 6FEECA83193869570007B09F /* Build configuration list for PBXNativeTarget "sliderTests" */;
			buildPhases = (
				6FEECA6B193869570007B09F /* Sources */,
				6FEECA6C193869570007B09F /* Frameworks */,
				6FEECA6D193869570007B09F /* Resources */,
			);
			buildRules = (
			);
			dependencies = (
				6FEECA75193869570007B09F /* PBXTargetDependency */,
			);
			name = sliderTests;
			productName = sliderTests;
			productReference = 6FEECA6F193869570007B09F /* sliderTests.xctest */;
			productType = "com.apple.product-type.bundle.unit-test";
		};
/* End PBXNativeTarget section */

/* Begin PBXProject section */
		6FEECA4C193869560007B09F /* Project object */ = {
			isa = PBXProject;
			attributes = {
				CLASSPREFIX = KHC;
				LastUpgradeCheck = 0510;
				TargetAttributes = {
					6FEECA6E193869570007B09F = {
						TestTargetID = 6FEECA53193869560007B09F;
					};
				};
			};
			buildConfigurationList = 6FEECA4F193869560007B09F /* Build configuration list for PBXProject "slider" */;
			compatibilityVersion = "Xcode 3.2";
			developmentRegion = English;
			hasScannedForEncodings = 0;
			knownRegions = (
				en,
			);
			mainGroup = 6FEECA4B193869560007B09F;
			productRefGroup = 6FEECA55193869560007B09F /* Products */;
			projectDirPath = "";
			projectRoot = "";
			targets = (
				6FEECA53193869560007B09F /* slider */,
				6FEECA6E193869570007B09F /* sliderTests */,
			);
		};
/* End PBXProject section */

/* Begin PBXResourcesBuildPhase section */
		6FEECA52193869560007B09F /* Resources */ = {
			isa = PBXResourcesBuildPhase;
			buildActionMask = 2147483647;
			files = (
				6FEECA62193869560007B09F /* InfoPlist.strings in Resources */,
				6FEECA6A193869560007B09F /* Images.xcassets in Resources */,
				6FEECA8719386CB90007B09F /* Main.storyboard in Resources */,
			);
			runOnlyForDeploymentPostprocessing = 0;
		};
		6FEECA6D193869570007B09F /* Resources */ = {
			isa = PBXResourcesBuildPhase;
			buildActionMask = 2147483647;
			files = (
				6FEECA7B193869570007B09F /* InfoPlist.strings in Resources */,
			);
			runOnlyForDeploymentPostprocessing = 0;
		};
/* End PBXResourcesBuildPhase section */

/* Begin PBXSourcesBuildPhase section */
		6FEECA50193869560007B09F /* Sources */ = {
			isa = PBXSourcesBuildPhase;
			buildActionMask = 2147483647;
			files = (
				6FEECA64193869560007B09F /* main.m in Sources */,
				6BA815D21938882700FAEAD6 /* KHCSSPSlideshare.m in Sources */,
				6FEECA8A19386DBD0007B09F /* KHCMainViewController.m in Sources */,
				6FEECA68193869560007B09F /* KHCAppDelegate.m in Sources */,
				6BA815D519388D7E00FAEAD6 /* KHCSISlideshare.m in Sources */,
			);
			runOnlyForDeploymentPostprocessing = 0;
		};
		6FEECA6B193869570007B09F /* Sources */ = {
			isa = PBXSourcesBuildPhase;
			buildActionMask = 2147483647;
			files = (
				6FEECA7D193869570007B09F /* sliderTests.m in Sources */,
			);
			runOnlyForDeploymentPostprocessing = 0;
		};
/* End PBXSourcesBuildPhase section */

/* Begin PBXTargetDependency section */
		6FEECA75193869570007B09F /* PBXTargetDependency */ = {
			isa = PBXTargetDependency;
			target = 6FEECA53193869560007B09F /* slider */;
			targetProxy = 6FEECA74193869570007B09F /* PBXContainerItemProxy */;
		};
/* End PBXTargetDependency section */

/* Begin PBXVariantGroup section */
		6FEECA60193869560007B09F /* InfoPlist.strings */ = {
			isa = PBXVariantGroup;
			children = (
				6FEECA61193869560007B09F /* en */,
			);
			name = InfoPlist.strings;
			sourceTree = "<group>";
		};
		6FEECA79193869570007B09F /* InfoPlist.strings */ = {
			isa = PBXVariantGroup;
			children = (
				6FEECA7A193869570007B09F /* en */,
			);
			name = InfoPlist.strings;
			sourceTree = "<group>";
		};
/* End PBXVariantGroup section */

/* Begin XCBuildConfiguration section */
		6FEECA7E193869570007B09F /* Debug */ = {
			isa = XCBuildConfiguration;
			buildSettings = {
				ALWAYS_SEARCH_USER_PATHS = NO;
				CLANG_CXX_LANGUAGE_STANDARD = "gnu++0x";
				CLANG_CXX_LIBRARY = "libc++";
				CLANG_ENABLE_MODULES = YES;
				CLANG_ENABLE_OBJC_ARC = YES;
				CLANG_WARN_BOOL_CONVERSION = YES;
				CLANG_WARN_CONSTANT_CONVERSION = YES;
				CLANG_WARN_DIRECT_OBJC_ISA_USAGE = YES_ERROR;
				CLANG_WARN_EMPTY_BODY = YES;
				CLANG_WARN_ENUM_CONVERSION = YES;
				CLANG_WARN_INT_CONVERSION = YES;
				CLANG_WARN_OBJC_ROOT_CLASS = YES_ERROR;
				CLANG_WARN__DUPLICATE_METHOD_MATCH = YES;
				"CODE_SIGN_IDENTITY[sdk=iphoneos*]" = "iPhone Developer";
				COPY_PHASE_STRIP = NO;
				GCC_C_LANGUAGE_STANDARD = gnu99;
				GCC_DYNAMIC_NO_PIC = NO;
				GCC_OPTIMIZATION_LEVEL = 0;
				GCC_PREPROCESSOR_DEFINITIONS = (
					"DEBUG=1",
					"$(inherited)",
				);
				GCC_SYMBOLS_PRIVATE_EXTERN = NO;
				GCC_WARN_64_TO_32_BIT_CONVERSION = YES;
				GCC_WARN_ABOUT_RETURN_TYPE = YES_ERROR;
				GCC_WARN_UNDECLARED_SELECTOR = YES;
				GCC_WARN_UNINITIALIZED_AUTOS = YES_AGGRESSIVE;
				GCC_WARN_UNUSED_FUNCTION = YES;
				GCC_WARN_UNUSED_VARIABLE = YES;
				IPHONEOS_DEPLOYMENT_TARGET = 7.1;
				ONLY_ACTIVE_ARCH = YES;
				SDKROOT = iphoneos;
			};
			name = Debug;
		};
		6FEECA7F193869570007B09F /* Release */ = {
			isa = XCBuildConfiguration;
			buildSettings = {
				ALWAYS_SEARCH_USER_PATHS = NO;
				CLANG_CXX_LANGUAGE_STANDARD = "gnu++0x";
				CLANG_CXX_LIBRARY = "libc++";
				CLANG_ENABLE_MODULES = YES;
				CLANG_ENABLE_OBJC_ARC = YES;
				CLANG_WARN_BOOL_CONVERSION = YES;
				CLANG_WARN_CONSTANT_CONVERSION = YES;
				CLANG_WARN_DIRECT_OBJC_ISA_USAGE = YES_ERROR;
				CLANG_WARN_EMPTY_BODY = YES;
				CLANG_WARN_ENUM_CONVERSION = YES;
				CLANG_WARN_INT_CONVERSION = YES;
				CLANG_WARN_OBJC_ROOT_CLASS = YES_ERROR;
				CLANG_WARN__DUPLICATE_METHOD_MATCH = YES;
				"CODE_SIGN_IDENTITY[sdk=iphoneos*]" = "iPhone Developer";
				COPY_PHASE_STRIP = YES;
				ENABLE_NS_ASSERTIONS = NO;
				GCC_C_LANGUAGE_STANDARD = gnu99;
				GCC_WARN_64_TO_32_BIT_CONVERSION = YES;
				GCC_WARN_ABOUT_RETURN_TYPE = YES_ERROR;
				GCC_WARN_UNDECLARED_SELECTOR = YES;
				GCC_WARN_UNINITIALIZED_AUTOS = YES_AGGRESSIVE;
				GCC_WARN_UNUSED_FUNCTION = YES;
				GCC_WARN_UNUSED_VARIABLE = YES;
				IPHONEOS_DEPLOYMENT_TARGET = 7.1;
				SDKROOT = iphoneos;
				VALIDATE_PRODUCT = YES;
			};
			name = Release;
		};
		6FEECA81193869570007B09F /* Debug */ = {
			isa = XCBuildConfiguration;
			buildSettings = {
				ASSETCATALOG_COMPILER_APPICON_NAME = AppIcon;
				ASSETCATALOG_COMPILER_LAUNCHIMAGE_NAME = LaunchImage;
				GCC_PRECOMPILE_PREFIX_HEADER = YES;
				GCC_PREFIX_HEADER = "slider/slider-Prefix.pch";
				INFOPLIST_FILE = "slider/slider-Info.plist";
				PRODUCT_NAME = "$(TARGET_NAME)";
				WRAPPER_EXTENSION = app;
			};
			name = Debug;
		};
		6FEECA82193869570007B09F /* Release */ = {
			isa = XCBuildConfiguration;
			buildSettings = {
				ASSETCATALOG_COMPILER_APPICON_NAME = AppIcon;
				ASSETCATALOG_COMPILER_LAUNCHIMAGE_NAME = LaunchImage;
				GCC_PRECOMPILE_PREFIX_HEADER = YES;
				GCC_PREFIX_HEADER = "slider/slider-Prefix.pch";
				INFOPLIST_FILE = "slider/slider-Info.plist";
				PRODUCT_NAME = "$(TARGET_NAME)";
				WRAPPER_EXTENSION = app;
			};
			name = Release;
		};
		6FEECA84193869570007B09F /* Debug */ = {
			isa = XCBuildConfiguration;
			buildSettings = {
				BUNDLE_LOADER = "$(BUILT_PRODUCTS_DIR)/slider.app/slider";
				FRAMEWORK_SEARCH_PATHS = (
					"$(SDKROOT)/Developer/Library/Frameworks",
					"$(inherited)",
					"$(DEVELOPER_FRAMEWORKS_DIR)",
				);
				GCC_PRECOMPILE_PREFIX_HEADER = YES;
				GCC_PREFIX_HEADER = "slider/slider-Prefix.pch";
				GCC_PREPROCESSOR_DEFINITIONS = (
					"DEBUG=1",
					"$(inherited)",
				);
				INFOPLIST_FILE = "sliderTests/sliderTests-Info.plist";
				PRODUCT_NAME = "$(TARGET_NAME)";
				TEST_HOST = "$(BUNDLE_LOADER)";
				WRAPPER_EXTENSION = xctest;
			};
			name = Debug;
		};
		6FEECA85193869570007B09F /* Release */ = {
			isa = XCBuildConfiguration;
			buildSettings = {
				BUNDLE_LOADER = "$(BUILT_PRODUCTS_DIR)/slider.app/slider";
				FRAMEWORK_SEARCH_PATHS = (
					"$(SDKROOT)/Developer/Library/Frameworks",
					"$(inherited)",
					"$(DEVELOPER_FRAMEWORKS_DIR)",
				);
				GCC_PRECOMPILE_PREFIX_HEADER = YES;
				GCC_PREFIX_HEADER = "slider/slider-Prefix.pch";
				INFOPLIST_FILE = "sliderTests/sliderTests-Info.plist";
				PRODUCT_NAME = "$(TARGET_NAME)";
				TEST_HOST = "$(BUNDLE_LOADER)";
				WRAPPER_EXTENSION = xctest;
			};
			name = Release;
		};
/* End XCBuildConfiguration section */

/* Begin XCConfigurationList section */
		6FEECA4F193869560007B09F /* Build configuration list for PBXProject "slider" */ = {
			isa = XCConfigurationList;
			buildConfigurations = (
				6FEECA7E193869570007B09F /* Debug */,
				6FEECA7F193869570007B09F /* Release */,
			);
			defaultConfigurationIsVisible = 0;
			defaultConfigurationName = Release;
		};
		6FEECA80193869570007B09F /* Build configuration list for PBXNativeTarget "slider" */ = {
			isa = XCConfigurationList;
			buildConfigurations = (
				6FEECA81193869570007B09F /* Debug */,
				6FEECA82193869570007B09F /* Release */,
			);
			defaultConfigurationIsVisible = 0;
			defaultConfigurationName = Release;
		};
		6FEECA83193869570007B09F /* Build configuration list for PBXNativeTarget "sliderTests" */ = {
			isa = XCConfigurationList;
			buildConfigurations = (
				6FEECA84193869570007B09F /* Debug */,
				6FEECA85193869570007B09F /* Release */,
			);
			defaultConfigurationIsVisible = 0;
			defaultConfigurationName = Release;
		};
/* End XCConfigurationList section */
	};
	rootObject = 6FEECA4C193869560007B09F /* Project object */;
}
