// !$*UTF8*$!
{
	archiveVersion = 1;
	classes = {
	};
	objectVersion = 46;
	objects = {

/* Begin PBXBuildFile section */
		6B08F051193BAA24002513D4 /* SSPTests.m in Sources */ = {isa = PBXBuildFile; fileRef = 6B08F050193BAA24002513D4 /* SSPTests.m */; };
		6B3A1A02194AE0740008FA9B /* KHCSISpeakerDeck.m in Sources */ = {isa = PBXBuildFile; fileRef = 6B3A1A01194AE0740008FA9B /* KHCSISpeakerDeck.m */; };
		6B3D1517194AFF98002702E4 /* KHCSSPSpeakerDeck.m in Sources */ = {isa = PBXBuildFile; fileRef = 6B3D1516194AFF98002702E4 /* KHCSSPSpeakerDeck.m */; };
		6BA415BB1941A654008D42B4 /* GoogleCast.framework in Frameworks */ = {isa = PBXBuildFile; fileRef = 6BA415BA1941A654008D42B4 /* GoogleCast.framework */; };
		6BA415BC1941A654008D42B4 /* GoogleCast.framework in Frameworks */ = {isa = PBXBuildFile; fileRef = 6BA415BA1941A654008D42B4 /* GoogleCast.framework */; };
		6BA415BE1941A745008D42B4 /* SlideManagerTests.m in Sources */ = {isa = PBXBuildFile; fileRef = 6BA415BD1941A745008D42B4 /* SlideManagerTests.m */; };
		6BF4AABD1941BA2A00F9AF13 /* KHCCommandChannel.m in Sources */ = {isa = PBXBuildFile; fileRef = 6BF4AABC1941BA2A00F9AF13 /* KHCCommandChannel.m */; };
		6F6835DC193B7AD8001517F2 /* KHCSISlideshare.m in Sources */ = {isa = PBXBuildFile; fileRef = 6F6835D7193B7AD8001517F2 /* KHCSISlideshare.m */; };
		6F6835DD193B7AD8001517F2 /* KHCSSPSlideshare.m in Sources */ = {isa = PBXBuildFile; fileRef = 6F6835DB193B7AD8001517F2 /* KHCSSPSlideshare.m */; };
		6F6835E8193B7AF3001517F2 /* KHCAddSlideNavController.m in Sources */ = {isa = PBXBuildFile; fileRef = 6F6835DF193B7AF2001517F2 /* KHCAddSlideNavController.m */; };
		6F6835E9193B7AF3001517F2 /* KHCAppDelegate.m in Sources */ = {isa = PBXBuildFile; fileRef = 6F6835E1193B7AF3001517F2 /* KHCAppDelegate.m */; };
		6F6835EA193B7AF3001517F2 /* KHCMainViewController.m in Sources */ = {isa = PBXBuildFile; fileRef = 6F6835E3193B7AF3001517F2 /* KHCMainViewController.m */; };
		6F6835EB193B7AF3001517F2 /* KHCSlideListViewController.m in Sources */ = {isa = PBXBuildFile; fileRef = 6F6835E5193B7AF3001517F2 /* KHCSlideListViewController.m */; };
		6F6835EC193B7AF3001517F2 /* KHCSSPSelectorViewController.m in Sources */ = {isa = PBXBuildFile; fileRef = 6F6835E7193B7AF3001517F2 /* KHCSSPSelectorViewController.m */; };
		6F6835EE193B7B02001517F2 /* Main.storyboard in Resources */ = {isa = PBXBuildFile; fileRef = 6F6835ED193B7B02001517F2 /* Main.storyboard */; };
		6F6835F2193B7B46001517F2 /* slideshare.png in Resources */ = {isa = PBXBuildFile; fileRef = 6F6835F1193B7B46001517F2 /* slideshare.png */; };
		6F6835F4193B7BB8001517F2 /* Images.xcassets in Resources */ = {isa = PBXBuildFile; fileRef = 6F6835F3193B7BB8001517F2 /* Images.xcassets */; };
		6F6835FB193B7BC5001517F2 /* InfoPlist.strings in Resources */ = {isa = PBXBuildFile; fileRef = 6F6835F7193B7BC5001517F2 /* InfoPlist.strings */; };
		6F6835FC193B7BC5001517F2 /* main.m in Sources */ = {isa = PBXBuildFile; fileRef = 6F6835F9193B7BC5001517F2 /* main.m */; };
		6F6835FD193B7BC5001517F2 /* slider-Info.plist in Resources */ = {isa = PBXBuildFile; fileRef = 6F6835FA193B7BC5001517F2 /* slider-Info.plist */; };
		6F7D5A851941BBBF00C8D845 /* KHCSlideSelectorViewController.m in Sources */ = {isa = PBXBuildFile; fileRef = 6F7D5A841941BBBF00C8D845 /* KHCSlideSelectorViewController.m */; };
		6F9DF5C9195D4DA400E81574 /* KHCSlideControllerViewController.m in Sources */ = {isa = PBXBuildFile; fileRef = 6F9DF5C8195D4DA400E81574 /* KHCSlideControllerViewController.m */; };
		6FA88136195ACD9800B3870A /* CKTableAlertView.m in Sources */ = {isa = PBXBuildFile; fileRef = 6FA88135195ACD9800B3870A /* CKTableAlertView.m */; };
		6FD2AE7E19541C6300A8648C /* KHCConfirmPageViewController.m in Sources */ = {isa = PBXBuildFile; fileRef = 6FD2AE7D19541C6300A8648C /* KHCConfirmPageViewController.m */; };
		6FD2AE8119541CBB00A8648C /* KHCSlideManager.m in Sources */ = {isa = PBXBuildFile; fileRef = 6FD2AE8019541CBB00A8648C /* KHCSlideManager.m */; };
		6FEECA58193869560007B09F /* Foundation.framework in Frameworks */ = {isa = PBXBuildFile; fileRef = 6FEECA57193869560007B09F /* Foundation.framework */; };
		6FEECA5A193869560007B09F /* CoreGraphics.framework in Frameworks */ = {isa = PBXBuildFile; fileRef = 6FEECA59193869560007B09F /* CoreGraphics.framework */; };
		6FEECA5C193869560007B09F /* UIKit.framework in Frameworks */ = {isa = PBXBuildFile; fileRef = 6FEECA5B193869560007B09F /* UIKit.framework */; };
		6FEECA71193869570007B09F /* XCTest.framework in Frameworks */ = {isa = PBXBuildFile; fileRef = 6FEECA70193869570007B09F /* XCTest.framework */; };
		6FEECA72193869570007B09F /* Foundation.framework in Frameworks */ = {isa = PBXBuildFile; fileRef = 6FEECA57193869560007B09F /* Foundation.framework */; };
		6FEECA73193869570007B09F /* UIKit.framework in Frameworks */ = {isa = PBXBuildFile; fileRef = 6FEECA5B193869560007B09F /* UIKit.framework */; };
		6FEECA7B193869570007B09F /* InfoPlist.strings in Resources */ = {isa = PBXBuildFile; fileRef = 6FEECA79193869570007B09F /* InfoPlist.strings */; };
/* End PBXBuildFile section */

/* Begin PBXContainerItemProxy section */
		6FEECA74193869570007B09F /* PBXContainerItemProxy */ = {
			isa = PBXContainerItemProxy;
			containerPortal = 6FEECA4C193869560007B09F /* Project object */;
			proxyType = 1;
			remoteGlobalIDString = 6FEECA53193869560007B09F;
			remoteInfo = slider;
		};
/* End PBXContainerItemProxy section */

/* Begin PBXFileReference section */
		6B08F050193BAA24002513D4 /* SSPTests.m */ = {isa = PBXFileReference; fileEncoding = 4; lastKnownFileType = sourcecode.c.objc; path = SSPTests.m; sourceTree = "<group>"; };
		6B3A1A00194AE0740008FA9B /* KHCSISpeakerDeck.h */ = {isa = PBXFileReference; fileEncoding = 4; lastKnownFileType = sourcecode.c.h; name = KHCSISpeakerDeck.h; path = src/SSP/KHCSISpeakerDeck.h; sourceTree = "<group>"; };
		6B3A1A01194AE0740008FA9B /* KHCSISpeakerDeck.m */ = {isa = PBXFileReference; fileEncoding = 4; lastKnownFileType = sourcecode.c.objc; name = KHCSISpeakerDeck.m; path = src/SSP/KHCSISpeakerDeck.m; sourceTree = "<group>"; };
		6B3D1515194AFF98002702E4 /* KHCSSPSpeakerDeck.h */ = {isa = PBXFileReference; fileEncoding = 4; lastKnownFileType = sourcecode.c.h; name = KHCSSPSpeakerDeck.h; path = src/SSP/KHCSSPSpeakerDeck.h; sourceTree = "<group>"; };
		6B3D1516194AFF98002702E4 /* KHCSSPSpeakerDeck.m */ = {isa = PBXFileReference; fileEncoding = 4; lastKnownFileType = sourcecode.c.objc; name = KHCSSPSpeakerDeck.m; path = src/SSP/KHCSSPSpeakerDeck.m; sourceTree = "<group>"; };
		6BA415BA1941A654008D42B4 /* GoogleCast.framework */ = {isa = PBXFileReference; lastKnownFileType = wrapper.framework; name = GoogleCast.framework; path = slider/resources/framework/GoogleCast.framework; sourceTree = "<group>"; };
		6BA415BD1941A745008D42B4 /* SlideManagerTests.m */ = {isa = PBXFileReference; fileEncoding = 4; lastKnownFileType = sourcecode.c.objc; path = SlideManagerTests.m; sourceTree = "<group>"; };
		6BF4AABB1941BA2A00F9AF13 /* KHCCommandChannel.h */ = {isa = PBXFileReference; fileEncoding = 4; lastKnownFileType = sourcecode.c.h; name = KHCCommandChannel.h; path = src/KHCCommandChannel.h; sourceTree = "<group>"; };
		6BF4AABC1941BA2A00F9AF13 /* KHCCommandChannel.m */ = {isa = PBXFileReference; fileEncoding = 4; lastKnownFileType = sourcecode.c.objc; name = KHCCommandChannel.m; path = src/KHCCommandChannel.m; sourceTree = "<group>"; };
		6F6835D6193B7AD8001517F2 /* KHCSISlideshare.h */ = {isa = PBXFileReference; fileEncoding = 4; lastKnownFileType = sourcecode.c.h; name = KHCSISlideshare.h; path = src/SSP/KHCSISlideshare.h; sourceTree = "<group>"; };
		6F6835D7193B7AD8001517F2 /* KHCSISlideshare.m */ = {isa = PBXFileReference; fileEncoding = 4; lastKnownFileType = sourcecode.c.objc; name = KHCSISlideshare.m; path = src/SSP/KHCSISlideshare.m; sourceTree = "<group>"; };
		6F6835D8193B7AD8001517F2 /* KHCSlideItem.h */ = {isa = PBXFileReference; fileEncoding = 4; lastKnownFileType = sourcecode.c.h; name = KHCSlideItem.h; path = src/SSP/KHCSlideItem.h; sourceTree = "<group>"; };
		6F6835D9193B7AD8001517F2 /* KHCSlideServiceProvider.h */ = {isa = PBXFileReference; fileEncoding = 4; lastKnownFileType = sourcecode.c.h; name = KHCSlideServiceProvider.h; path = src/SSP/KHCSlideServiceProvider.h; sourceTree = "<group>"; };
		6F6835DA193B7AD8001517F2 /* KHCSSPSlideshare.h */ = {isa = PBXFileReference; fileEncoding = 4; lastKnownFileType = sourcecode.c.h; name = KHCSSPSlideshare.h; path = src/SSP/KHCSSPSlideshare.h; sourceTree = "<group>"; };
		6F6835DB193B7AD8001517F2 /* KHCSSPSlideshare.m */ = {isa = PBXFileReference; fileEncoding = 4; lastKnownFileType = sourcecode.c.objc; name = KHCSSPSlideshare.m; path = src/SSP/KHCSSPSlideshare.m; sourceTree = "<group>"; };
		6F6835DE193B7AF2001517F2 /* KHCAddSlideNavController.h */ = {isa = PBXFileReference; fileEncoding = 4; lastKnownFileType = sourcecode.c.h; name = KHCAddSlideNavController.h; path = src/KHCAddSlideNavController.h; sourceTree = "<group>"; };
		6F6835DF193B7AF2001517F2 /* KHCAddSlideNavController.m */ = {isa = PBXFileReference; fileEncoding = 4; lastKnownFileType = sourcecode.c.objc; name = KHCAddSlideNavController.m; path = src/KHCAddSlideNavController.m; sourceTree = "<group>"; };
		6F6835E0193B7AF2001517F2 /* KHCAppDelegate.h */ = {isa = PBXFileReference; fileEncoding = 4; lastKnownFileType = sourcecode.c.h; name = KHCAppDelegate.h; path = src/KHCAppDelegate.h; sourceTree = "<group>"; };
		6F6835E1193B7AF3001517F2 /* KHCAppDelegate.m */ = {isa = PBXFileReference; fileEncoding = 4; lastKnownFileType = sourcecode.c.objc; name = KHCAppDelegate.m; path = src/KHCAppDelegate.m; sourceTree = "<group>"; };
		6F6835E2193B7AF3001517F2 /* KHCMainViewController.h */ = {isa = PBXFileReference; fileEncoding = 4; lastKnownFileType = sourcecode.c.h; name = KHCMainViewController.h; path = src/KHCMainViewController.h; sourceTree = "<group>"; };
		6F6835E3193B7AF3001517F2 /* KHCMainViewController.m */ = {isa = PBXFileReference; fileEncoding = 4; lastKnownFileType = sourcecode.c.objc; name = KHCMainViewController.m; path = src/KHCMainViewController.m; sourceTree = "<group>"; };
		6F6835E4193B7AF3001517F2 /* KHCSlideListViewController.h */ = {isa = PBXFileReference; fileEncoding = 4; lastKnownFileType = sourcecode.c.h; name = KHCSlideListViewController.h; path = src/KHCSlideListViewController.h; sourceTree = "<group>"; };
		6F6835E5193B7AF3001517F2 /* KHCSlideListViewController.m */ = {isa = PBXFileReference; fileEncoding = 4; lastKnownFileType = sourcecode.c.objc; name = KHCSlideListViewController.m; path = src/KHCSlideListViewController.m; sourceTree = "<group>"; };
		6F6835E6193B7AF3001517F2 /* KHCSSPSelectorViewController.h */ = {isa = PBXFileReference; fileEncoding = 4; lastKnownFileType = sourcecode.c.h; name = KHCSSPSelectorViewController.h; path = src/KHCSSPSelectorViewController.h; sourceTree = "<group>"; };
		6F6835E7193B7AF3001517F2 /* KHCSSPSelectorViewController.m */ = {isa = PBXFileReference; fileEncoding = 4; lastKnownFileType = sourcecode.c.objc; name = KHCSSPSelectorViewController.m; path = src/KHCSSPSelectorViewController.m; sourceTree = "<group>"; };
		6F6835ED193B7B02001517F2 /* Main.storyboard */ = {isa = PBXFileReference; fileEncoding = 4; lastKnownFileType = file.storyboard; name = Main.storyboard; path = src/Main.storyboard; sourceTree = "<group>"; };
		6F6835F1193B7B46001517F2 /* slideshare.png */ = {isa = PBXFileReference; lastKnownFileType = image.png; path = slideshare.png; sourceTree = "<group>"; };
		6F6835F3193B7BB8001517F2 /* Images.xcassets */ = {isa = PBXFileReference; lastKnownFileType = folder.assetcatalog; path = Images.xcassets; sourceTree = "<group>"; };
		6F6835F5193B7BC5001517F2 /* slider-Prefix.pch */ = {isa = PBXFileReference; fileEncoding = 4; lastKnownFileType = sourcecode.c.h; path = "slider-Prefix.pch"; sourceTree = "<group>"; };
		6F6835F8193B7BC5001517F2 /* en */ = {isa = PBXFileReference; lastKnownFileType = text.plist.strings; name = en; path = InfoPlist.strings; sourceTree = "<group>"; };
		6F6835F9193B7BC5001517F2 /* main.m */ = {isa = PBXFileReference; fileEncoding = 4; lastKnownFileType = sourcecode.c.objc; path = main.m; sourceTree = "<group>"; };
		6F6835FA193B7BC5001517F2 /* slider-Info.plist */ = {isa = PBXFileReference; fileEncoding = 4; lastKnownFileType = text.plist.xml; path = "slider-Info.plist"; sourceTree = "<group>"; };
		6F7D5A831941BBBF00C8D845 /* KHCSlideSelectorViewController.h */ = {isa = PBXFileReference; fileEncoding = 4; lastKnownFileType = sourcecode.c.h; name = KHCSlideSelectorViewController.h; path = src/KHCSlideSelectorViewController.h; sourceTree = "<group>"; };
		6F7D5A841941BBBF00C8D845 /* KHCSlideSelectorViewController.m */ = {isa = PBXFileReference; fileEncoding = 4; lastKnownFileType = sourcecode.c.objc; name = KHCSlideSelectorViewController.m; path = src/KHCSlideSelectorViewController.m; sourceTree = "<group>"; };
		6F9DF5C7195D4DA400E81574 /* KHCSlideControllerViewController.h */ = {isa = PBXFileReference; fileEncoding = 4; lastKnownFileType = sourcecode.c.h; name = KHCSlideControllerViewController.h; path = src/KHCSlideControllerViewController.h; sourceTree = "<group>"; };
		6F9DF5C8195D4DA400E81574 /* KHCSlideControllerViewController.m */ = {isa = PBXFileReference; fileEncoding = 4; lastKnownFileType = sourcecode.c.objc; name = KHCSlideControllerViewController.m; path = src/KHCSlideControllerViewController.m; sourceTree = "<group>"; };
		6FA88134195ACD9800B3870A /* CKTableAlertView.h */ = {isa = PBXFileReference; fileEncoding = 4; lastKnownFileType = sourcecode.c.h; name = CKTableAlertView.h; path = CKTableAlert/CKTableAlertView.h; sourceTree = "<group>"; };
		6FA88135195ACD9800B3870A /* CKTableAlertView.m */ = {isa = PBXFileReference; fileEncoding = 4; lastKnownFileType = sourcecode.c.objc; name = CKTableAlertView.m; path = CKTableAlert/CKTableAlertView.m; sourceTree = "<group>"; };
		6FD2AE7C19541C6300A8648C /* KHCConfirmPageViewController.h */ = {isa = PBXFileReference; fileEncoding = 4; lastKnownFileType = sourcecode.c.h; name = KHCConfirmPageViewController.h; path = src/KHCConfirmPageViewController.h; sourceTree = "<group>"; };
		6FD2AE7D19541C6300A8648C /* KHCConfirmPageViewController.m */ = {isa = PBXFileReference; fileEncoding = 4; lastKnownFileType = sourcecode.c.objc; name = KHCConfirmPageViewController.m; path = src/KHCConfirmPageViewController.m; sourceTree = "<group>"; };
		6FD2AE7F19541CBB00A8648C /* KHCSlideManager.h */ = {isa = PBXFileReference; fileEncoding = 4; lastKnownFileType = sourcecode.c.h; name = KHCSlideManager.h; path = src/KHCSlideManager.h; sourceTree = "<group>"; };
		6FD2AE8019541CBB00A8648C /* KHCSlideManager.m */ = {isa = PBXFileReference; fileEncoding = 4; lastKnownFileType = sourcecode.c.objc; name = KHCSlideManager.m; path = src/KHCSlideManager.m; sourceTree = "<group>"; };
		6FEECA54193869560007B09F /* slider.app */ = {isa = PBXFileReference; explicitFileType = wrapper.application; includeInIndex = 0; path = slider.app; sourceTree = BUILT_PRODUCTS_DIR; };
		6FEECA57193869560007B09F /* Foundation.framework */ = {isa = PBXFileReference; lastKnownFileType = wrapper.framework; name = Foundation.framework; path = System/Library/Frameworks/Foundation.framework; sourceTree = SDKROOT; };
		6FEECA59193869560007B09F /* CoreGraphics.framework */ = {isa = PBXFileReference; lastKnownFileType = wrapper.framework; name = CoreGraphics.framework; path = System/Library/Frameworks/CoreGraphics.framework; sourceTree = SDKROOT; };
		6FEECA5B193869560007B09F /* UIKit.framework */ = {isa = PBXFileReference; lastKnownFileType = wrapper.framework; name = UIKit.framework; path = System/Library/Frameworks/UIKit.framework; sourceTree = SDKROOT; };
		6FEECA6F193869570007B09F /* sliderTests.xctest */ = {isa = PBXFileReference; explicitFileType = wrapper.cfbundle; includeInIndex = 0; path = sliderTests.xctest; sourceTree = BUILT_PRODUCTS_DIR; };
		6FEECA70193869570007B09F /* XCTest.framework */ = {isa = PBXFileReference; lastKnownFileType = wrapper.framework; name = XCTest.framework; path = Library/Frameworks/XCTest.framework; sourceTree = DEVELOPER_DIR; };
		6FEECA78193869570007B09F /* sliderTests-Info.plist */ = {isa = PBXFileReference; lastKnownFileType = text.plist.xml; path = "sliderTests-Info.plist"; sourceTree = "<group>"; };
		6FEECA7A193869570007B09F /* en */ = {isa = PBXFileReference; lastKnownFileType = text.plist.strings; name = en; path = en.lproj/InfoPlist.strings; sourceTree = "<group>"; };
/* End PBXFileReference section */

/* Begin PBXFrameworksBuildPhase section */
		6FEECA51193869560007B09F /* Frameworks */ = {
			isa = PBXFrameworksBuildPhase;
			buildActionMask = 2147483647;
			files = (
				6BA415BB1941A654008D42B4 /* GoogleCast.framework in Frameworks */,
				6FEECA5A193869560007B09F /* CoreGraphics.framework in Frameworks */,
				6FEECA5C193869560007B09F /* UIKit.framework in Frameworks */,
				6FEECA58193869560007B09F /* Foundation.framework in Frameworks */,
			);
			runOnlyForDeploymentPostprocessing = 0;
		};
		6FEECA6C193869570007B09F /* Frameworks */ = {
			isa = PBXFrameworksBuildPhase;
			buildActionMask = 2147483647;
			files = (
				6BA415BC1941A654008D42B4 /* GoogleCast.framework in Frameworks */,
				6FEECA71193869570007B09F /* XCTest.framework in Frameworks */,
				6FEECA73193869570007B09F /* UIKit.framework in Frameworks */,
				6FEECA72193869570007B09F /* Foundation.framework in Frameworks */,
			);
			runOnlyForDeploymentPostprocessing = 0;
		};
/* End PBXFrameworksBuildPhase section */

/* Begin PBXGroup section */
		6B2CF8791948588600EC63B5 /* ChromeCast */ = {
			isa = PBXGroup;
			children = (
				6FD2AE7F19541CBB00A8648C /* KHCSlideManager.h */,
				6FD2AE8019541CBB00A8648C /* KHCSlideManager.m */,
				6BF4AABB1941BA2A00F9AF13 /* KHCCommandChannel.h */,
				6BF4AABC1941BA2A00F9AF13 /* KHCCommandChannel.m */,
			);
			name = ChromeCast;
			sourceTree = "<group>";
		};
		6BA815C619387E1600FAEAD6 /* SSP */ = {
			isa = PBXGroup;
			children = (
				6F6835D8193B7AD8001517F2 /* KHCSlideItem.h */,
				6F6835D6193B7AD8001517F2 /* KHCSISlideshare.h */,
				6F6835D7193B7AD8001517F2 /* KHCSISlideshare.m */,
				6B3A1A00194AE0740008FA9B /* KHCSISpeakerDeck.h */,
				6B3A1A01194AE0740008FA9B /* KHCSISpeakerDeck.m */,
				6F6835D9193B7AD8001517F2 /* KHCSlideServiceProvider.h */,
				6F6835DA193B7AD8001517F2 /* KHCSSPSlideshare.h */,
				6F6835DB193B7AD8001517F2 /* KHCSSPSlideshare.m */,
				6B3D1515194AFF98002702E4 /* KHCSSPSpeakerDeck.h */,
				6B3D1516194AFF98002702E4 /* KHCSSPSpeakerDeck.m */,
			);
			name = SSP;
			sourceTree = "<group>";
		};
		6F6835EF193B7B46001517F2 /* resources */ = {
			isa = PBXGroup;
			children = (
				6FD2AE82195435DD00A8648C /* CKTableAlert */,
				6F6835F0193B7B46001517F2 /* images */,
			);
			path = resources;
			sourceTree = "<group>";
		};
		6F6835F0193B7B46001517F2 /* images */ = {
			isa = PBXGroup;
			children = (
				6F6835F1193B7B46001517F2 /* slideshare.png */,
			);
			path = images;
			sourceTree = "<group>";
		};
		6F6835F6193B7BC5001517F2 /* en.lproj */ = {
			isa = PBXGroup;
			children = (
				6F6835F7193B7BC5001517F2 /* InfoPlist.strings */,
			);
			path = en.lproj;
			sourceTree = "<group>";
		};
		6FD2AE82195435DD00A8648C /* CKTableAlert */ = {
			isa = PBXGroup;
			children = (
				6FA88134195ACD9800B3870A /* CKTableAlertView.h */,
				6FA88135195ACD9800B3870A /* CKTableAlertView.m */,
			);
			name = CKTableAlert;
			sourceTree = "<group>";
		};
		6FEECA4B193869560007B09F = {
			isa = PBXGroup;
			children = (
				6FEECA5D193869560007B09F /* slider */,
				6FEECA76193869570007B09F /* sliderTests */,
				6FEECA56193869560007B09F /* Frameworks */,
				6FEECA55193869560007B09F /* Products */,
			);
			sourceTree = "<group>";
		};
		6FEECA55193869560007B09F /* Products */ = {
			isa = PBXGroup;
			children = (
				6FEECA54193869560007B09F /* slider.app */,
				6FEECA6F193869570007B09F /* sliderTests.xctest */,
			);
			name = Products;
			sourceTree = "<group>";
		};
		6FEECA56193869560007B09F /* Frameworks */ = {
			isa = PBXGroup;
			children = (
				6BA415BA1941A654008D42B4 /* GoogleCast.framework */,
				6FEECA57193869560007B09F /* Foundation.framework */,
				6FEECA59193869560007B09F /* CoreGraphics.framework */,
				6FEECA5B193869560007B09F /* UIKit.framework */,
				6FEECA70193869570007B09F /* XCTest.framework */,
			);
			name = Frameworks;
			sourceTree = "<group>";
		};
		6FEECA5D193869560007B09F /* slider */ = {
			isa = PBXGroup;
			children = (
				6F6835F3193B7BB8001517F2 /* Images.xcassets */,
				6F6835EF193B7B46001517F2 /* resources */,
				6FEECA5E193869560007B09F /* Supporting Files */,
				6BA815C619387E1600FAEAD6 /* SSP */,
				6B2CF8791948588600EC63B5 /* ChromeCast */,
				6F6835ED193B7B02001517F2 /* Main.storyboard */,
				6F6835DE193B7AF2001517F2 /* KHCAddSlideNavController.h */,
				6F6835DF193B7AF2001517F2 /* KHCAddSlideNavController.m */,
				6F6835E0193B7AF2001517F2 /* KHCAppDelegate.h */,
				6F6835E1193B7AF3001517F2 /* KHCAppDelegate.m */,
				6F6835E2193B7AF3001517F2 /* KHCMainViewController.h */,
				6F6835E3193B7AF3001517F2 /* KHCMainViewController.m */,
				6F6835E4193B7AF3001517F2 /* KHCSlideListViewController.h */,
				6F6835E5193B7AF3001517F2 /* KHCSlideListViewController.m */,
				6F6835E6193B7AF3001517F2 /* KHCSSPSelectorViewController.h */,
				6F6835E7193B7AF3001517F2 /* KHCSSPSelectorViewController.m */,
				6F7D5A831941BBBF00C8D845 /* KHCSlideSelectorViewController.h */,
				6F7D5A841941BBBF00C8D845 /* KHCSlideSelectorViewController.m */,
				6BF4AABB1941BA2A00F9AF13 /* KHCCommandChannel.h */,
				6BF4AABC1941BA2A00F9AF13 /* KHCCommandChannel.m */,
				6FD2AE7C19541C6300A8648C /* KHCConfirmPageViewController.h */,
				6FD2AE7D19541C6300A8648C /* KHCConfirmPageViewController.m */,
				6F9DF5C7195D4DA400E81574 /* KHCSlideControllerViewController.h */,
				6F9DF5C8195D4DA400E81574 /* KHCSlideControllerViewController.m */,
			);
			path = slider;
			sourceTree = "<group>";
		};
		6FEECA5E193869560007B09F /* Supporting Files */ = {
			isa = PBXGroup;
			children = (
				6F6835F6193B7BC5001517F2 /* en.lproj */,
				6F6835F5193B7BC5001517F2 /* slider-Prefix.pch */,
				6F6835F9193B7BC5001517F2 /* main.m */,
				6F6835FA193B7BC5001517F2 /* slider-Info.plist */,
			);
			name = "Supporting Files";
			sourceTree = "<group>";
		};
		6FEECA76193869570007B09F /* sliderTests */ = {
			isa = PBXGroup;
			children = (
				6B08F050193BAA24002513D4 /* SSPTests.m */,
				6BA415BD1941A745008D42B4 /* SlideManagerTests.m */,
				6FEECA77193869570007B09F /* Supporting Files */,
			);
			path = sliderTests;
			sourceTree = "<group>";
		};
		6FEECA77193869570007B09F /* Supporting Files */ = {
			isa = PBXGroup;
			children = (
				6FEECA78193869570007B09F /* sliderTests-Info.plist */,
				6FEECA79193869570007B09F /* InfoPlist.strings */,
			);
			name = "Supporting Files";
			sourceTree = "<group>";
		};
/* End PBXGroup section */

/* Begin PBXNativeTarget section */
		6FEECA53193869560007B09F /* slider */ = {
			isa = PBXNativeTarget;
			buildConfigurationList = 6FEECA80193869570007B09F /* Build configuration list for PBXNativeTarget "slider" */;
			buildPhases = (
				6FEECA50193869560007B09F /* Sources */,
				6FEECA51193869560007B09F /* Frameworks */,
				6FEECA52193869560007B09F /* Resources */,
			);
			buildRules = (
			);
			dependencies = (
			);
			name = slider;
			productName = slider;
			productReference = 6FEECA54193869560007B09F /* slider.app */;
			productType = "com.apple.product-type.application";
		};
		6FEECA6E193869570007B09F /* sliderTests */ = {
			isa = PBXNativeTarget;
			buildConfigurationList = 6FEECA83193869570007B09F /* Build configuration list for PBXNativeTarget "sliderTests" */;
			buildPhases = (
				6FEECA6B193869570007B09F /* Sources */,
				6FEECA6C193869570007B09F /* Frameworks */,
				6FEECA6D193869570007B09F /* Resources */,
			);
			buildRules = (
			);
			dependencies = (
				6FEECA75193869570007B09F /* PBXTargetDependency */,
			);
			name = sliderTests;
			productName = sliderTests;
			productReference = 6FEECA6F193869570007B09F /* sliderTests.xctest */;
			productType = "com.apple.product-type.bundle.unit-test";
		};
/* End PBXNativeTarget section */

/* Begin PBXProject section */
		6FEECA4C193869560007B09F /* Project object */ = {
			isa = PBXProject;
			attributes = {
				CLASSPREFIX = KHC;
				LastUpgradeCheck = 0510;
				TargetAttributes = {
					6FEECA6E193869570007B09F = {
						TestTargetID = 6FEECA53193869560007B09F;
					};
				};
			};
			buildConfigurationList = 6FEECA4F193869560007B09F /* Build configuration list for PBXProject "slider" */;
			compatibilityVersion = "Xcode 3.2";
			developmentRegion = English;
			hasScannedForEncodings = 0;
			knownRegions = (
				en,
			);
			mainGroup = 6FEECA4B193869560007B09F;
			productRefGroup = 6FEECA55193869560007B09F /* Products */;
			projectDirPath = "";
			projectRoot = "";
			targets = (
				6FEECA53193869560007B09F /* slider */,
				6FEECA6E193869570007B09F /* sliderTests */,
			);
		};
/* End PBXProject section */

/* Begin PBXResourcesBuildPhase section */
		6FEECA52193869560007B09F /* Resources */ = {
			isa = PBXResourcesBuildPhase;
			buildActionMask = 2147483647;
			files = (
				6F6835F4193B7BB8001517F2 /* Images.xcassets in Resources */,
				6F6835F2193B7B46001517F2 /* slideshare.png in Resources */,
				6F6835FD193B7BC5001517F2 /* slider-Info.plist in Resources */,
				6F6835EE193B7B02001517F2 /* Main.storyboard in Resources */,
				6F6835FB193B7BC5001517F2 /* InfoPlist.strings in Resources */,
			);
			runOnlyForDeploymentPostprocessing = 0;
		};
		6FEECA6D193869570007B09F /* Resources */ = {
			isa = PBXResourcesBuildPhase;
			buildActionMask = 2147483647;
			files = (
				6FEECA7B193869570007B09F /* InfoPlist.strings in Resources */,
			);
			runOnlyForDeploymentPostprocessing = 0;
		};
/* End PBXResourcesBuildPhase section */

/* Begin PBXSourcesBuildPhase section */
		6FEECA50193869560007B09F /* Sources */ = {
			isa = PBXSourcesBuildPhase;
			buildActionMask = 2147483647;
			files = (
				6B3D1517194AFF98002702E4 /* KHCSSPSpeakerDeck.m in Sources */,
				6F6835E8193B7AF3001517F2 /* KHCAddSlideNavController.m in Sources */,
				6F6835DD193B7AD8001517F2 /* KHCSSPSlideshare.m in Sources */,
				6F9DF5C9195D4DA400E81574 /* KHCSlideControllerViewController.m in Sources */,
				6F6835EB193B7AF3001517F2 /* KHCSlideListViewController.m in Sources */,
				6F6835EC193B7AF3001517F2 /* KHCSSPSelectorViewController.m in Sources */,
				6F6835DC193B7AD8001517F2 /* KHCSISlideshare.m in Sources */,
				6FA88136195ACD9800B3870A /* CKTableAlertView.m in Sources */,
				6FD2AE8119541CBB00A8648C /* KHCSlideManager.m in Sources */,
				6FD2AE7E19541C6300A8648C /* KHCConfirmPageViewController.m in Sources */,
				6BF4AABD1941BA2A00F9AF13 /* KHCCommandChannel.m in Sources */,
				6B3A1A02194AE0740008FA9B /* KHCSISpeakerDeck.m in Sources */,
				6F6835E9193B7AF3001517F2 /* KHCAppDelegate.m in Sources */,
				6F6835FC193B7BC5001517F2 /* main.m in Sources */,
				6F7D5A851941BBBF00C8D845 /* KHCSlideSelectorViewController.m in Sources */,
				6F6835EA193B7AF3001517F2 /* KHCMainViewController.m in Sources */,
			);
			runOnlyForDeploymentPostprocessing = 0;
		};
		6FEECA6B193869570007B09F /* Sources */ = {
			isa = PBXSourcesBuildPhase;
			buildActionMask = 2147483647;
			files = (
				6B08F051193BAA24002513D4 /* SSPTests.m in Sources */,
				6BA415BE1941A745008D42B4 /* SlideManagerTests.m in Sources */,
			);
			runOnlyForDeploymentPostprocessing = 0;
		};
/* End PBXSourcesBuildPhase section */

/* Begin PBXTargetDependency section */
		6FEECA75193869570007B09F /* PBXTargetDependency */ = {
			isa = PBXTargetDependency;
			target = 6FEECA53193869560007B09F /* slider */;
			targetProxy = 6FEECA74193869570007B09F /* PBXContainerItemProxy */;
		};
/* End PBXTargetDependency section */

/* Begin PBXVariantGroup section */
		6F6835F7193B7BC5001517F2 /* InfoPlist.strings */ = {
			isa = PBXVariantGroup;
			children = (
				6F6835F8193B7BC5001517F2 /* en */,
			);
			name = InfoPlist.strings;
			sourceTree = "<group>";
		};
		6FEECA79193869570007B09F /* InfoPlist.strings */ = {
			isa = PBXVariantGroup;
			children = (
				6FEECA7A193869570007B09F /* en */,
			);
			name = InfoPlist.strings;
			sourceTree = "<group>";
		};
/* End PBXVariantGroup section */

/* Begin XCBuildConfiguration section */
		6FEECA7E193869570007B09F /* Debug */ = {
			isa = XCBuildConfiguration;
			buildSettings = {
				ALWAYS_SEARCH_USER_PATHS = NO;
				CLANG_CXX_LANGUAGE_STANDARD = "gnu++0x";
				CLANG_CXX_LIBRARY = "libc++";
				CLANG_ENABLE_MODULES = YES;
				CLANG_ENABLE_OBJC_ARC = YES;
				CLANG_WARN_BOOL_CONVERSION = YES;
				CLANG_WARN_CONSTANT_CONVERSION = YES;
				CLANG_WARN_DIRECT_OBJC_ISA_USAGE = YES_ERROR;
				CLANG_WARN_EMPTY_BODY = YES;
				CLANG_WARN_ENUM_CONVERSION = YES;
				CLANG_WARN_INT_CONVERSION = YES;
				CLANG_WARN_OBJC_ROOT_CLASS = YES_ERROR;
				CLANG_WARN__DUPLICATE_METHOD_MATCH = YES;
				"CODE_SIGN_IDENTITY[sdk=iphoneos*]" = "iPhone Developer";
				COPY_PHASE_STRIP = NO;
				GCC_C_LANGUAGE_STANDARD = gnu99;
				GCC_DYNAMIC_NO_PIC = NO;
				GCC_OPTIMIZATION_LEVEL = 0;
				GCC_PREPROCESSOR_DEFINITIONS = (
					"DEBUG=1",
					"$(inherited)",
				);
				GCC_SYMBOLS_PRIVATE_EXTERN = NO;
				GCC_WARN_64_TO_32_BIT_CONVERSION = YES;
				GCC_WARN_ABOUT_RETURN_TYPE = YES_ERROR;
				GCC_WARN_UNDECLARED_SELECTOR = YES;
				GCC_WARN_UNINITIALIZED_AUTOS = YES_AGGRESSIVE;
				GCC_WARN_UNUSED_FUNCTION = YES;
				GCC_WARN_UNUSED_VARIABLE = YES;
				IPHONEOS_DEPLOYMENT_TARGET = 7.1;
				ONLY_ACTIVE_ARCH = YES;
				SDKROOT = iphoneos;
			};
			name = Debug;
		};
		6FEECA7F193869570007B09F /* Release */ = {
			isa = XCBuildConfiguration;
			buildSettings = {
				ALWAYS_SEARCH_USER_PATHS = NO;
				CLANG_CXX_LANGUAGE_STANDARD = "gnu++0x";
				CLANG_CXX_LIBRARY = "libc++";
				CLANG_ENABLE_MODULES = YES;
				CLANG_ENABLE_OBJC_ARC = YES;
				CLANG_WARN_BOOL_CONVERSION = YES;
				CLANG_WARN_CONSTANT_CONVERSION = YES;
				CLANG_WARN_DIRECT_OBJC_ISA_USAGE = YES_ERROR;
				CLANG_WARN_EMPTY_BODY = YES;
				CLANG_WARN_ENUM_CONVERSION = YES;
				CLANG_WARN_INT_CONVERSION = YES;
				CLANG_WARN_OBJC_ROOT_CLASS = YES_ERROR;
				CLANG_WARN__DUPLICATE_METHOD_MATCH = YES;
				"CODE_SIGN_IDENTITY[sdk=iphoneos*]" = "iPhone Developer";
				COPY_PHASE_STRIP = YES;
				ENABLE_NS_ASSERTIONS = NO;
				GCC_C_LANGUAGE_STANDARD = gnu99;
				GCC_WARN_64_TO_32_BIT_CONVERSION = YES;
				GCC_WARN_ABOUT_RETURN_TYPE = YES_ERROR;
				GCC_WARN_UNDECLARED_SELECTOR = YES;
				GCC_WARN_UNINITIALIZED_AUTOS = YES_AGGRESSIVE;
				GCC_WARN_UNUSED_FUNCTION = YES;
				GCC_WARN_UNUSED_VARIABLE = YES;
				IPHONEOS_DEPLOYMENT_TARGET = 7.1;
				SDKROOT = iphoneos;
				VALIDATE_PRODUCT = YES;
			};
			name = Release;
		};
		6FEECA81193869570007B09F /* Debug */ = {
			isa = XCBuildConfiguration;
			buildSettings = {
				ASSETCATALOG_COMPILER_APPICON_NAME = AppIcon;
				ASSETCATALOG_COMPILER_LAUNCHIMAGE_NAME = LaunchImage;
				FRAMEWORK_SEARCH_PATHS = (
					"$(inherited)",
					"$(PROJECT_DIR)/slider/resources/framework",
				);
				GCC_PRECOMPILE_PREFIX_HEADER = YES;
				GCC_PREFIX_HEADER = "slider/slider-Prefix.pch";
				INFOPLIST_FILE = "slider/slider-Info.plist";
				OTHER_LDFLAGS = "-ObjC";
				PRODUCT_NAME = "$(TARGET_NAME)";
				WRAPPER_EXTENSION = app;
			};
			name = Debug;
		};
		6FEECA82193869570007B09F /* Release */ = {
			isa = XCBuildConfiguration;
			buildSettings = {
				ASSETCATALOG_COMPILER_APPICON_NAME = AppIcon;
				ASSETCATALOG_COMPILER_LAUNCHIMAGE_NAME = LaunchImage;
				FRAMEWORK_SEARCH_PATHS = (
					"$(inherited)",
					"$(PROJECT_DIR)/slider/resources/framework",
				);
				GCC_PRECOMPILE_PREFIX_HEADER = YES;
				GCC_PREFIX_HEADER = "slider/slider-Prefix.pch";
				INFOPLIST_FILE = "slider/slider-Info.plist";
				OTHER_LDFLAGS = "-ObjC";
				PRODUCT_NAME = "$(TARGET_NAME)";
				WRAPPER_EXTENSION = app;
			};
			name = Release;
		};
		6FEECA84193869570007B09F /* Debug */ = {
			isa = XCBuildConfiguration;
			buildSettings = {
				BUNDLE_LOADER = "$(BUILT_PRODUCTS_DIR)/slider.app/slider";
				FRAMEWORK_SEARCH_PATHS = (
					"$(SDKROOT)/Developer/Library/Frameworks",
					"$(inherited)",
					"$(DEVELOPER_FRAMEWORKS_DIR)",
					"$(PROJECT_DIR)/slider/resources/framework",
				);
				GCC_PRECOMPILE_PREFIX_HEADER = YES;
				GCC_PREFIX_HEADER = "slider/slider-Prefix.pch";
				GCC_PREPROCESSOR_DEFINITIONS = (
					"DEBUG=1",
					"$(inherited)",
				);
				INFOPLIST_FILE = "sliderTests/sliderTests-Info.plist";
				OTHER_LDFLAGS = (
					"-ObjC",
					"$(inherited)",
					"-framework",
					XCTest,
				);
				PRODUCT_NAME = "$(TARGET_NAME)";
				TEST_HOST = "$(BUNDLE_LOADER)";
				WRAPPER_EXTENSION = xctest;
			};
			name = Debug;
		};
		6FEECA85193869570007B09F /* Release */ = {
			isa = XCBuildConfiguration;
			buildSettings = {
				BUNDLE_LOADER = "$(BUILT_PRODUCTS_DIR)/slider.app/slider";
				FRAMEWORK_SEARCH_PATHS = (
					"$(SDKROOT)/Developer/Library/Frameworks",
					"$(inherited)",
					"$(DEVELOPER_FRAMEWORKS_DIR)",
					"$(PROJECT_DIR)/slider/resources/framework",
				);
				GCC_PRECOMPILE_PREFIX_HEADER = YES;
				GCC_PREFIX_HEADER = "slider/slider-Prefix.pch";
				INFOPLIST_FILE = "sliderTests/sliderTests-Info.plist";
				OTHER_LDFLAGS = (
					"-ObjC",
					"$(inherited)",
					"-framework",
					XCTest,
				);
				PRODUCT_NAME = "$(TARGET_NAME)";
				TEST_HOST = "$(BUNDLE_LOADER)";
				WRAPPER_EXTENSION = xctest;
			};
			name = Release;
		};
/* End XCBuildConfiguration section */

/* Begin XCConfigurationList section */
		6FEECA4F193869560007B09F /* Build configuration list for PBXProject "slider" */ = {
			isa = XCConfigurationList;
			buildConfigurations = (
				6FEECA7E193869570007B09F /* Debug */,
				6FEECA7F193869570007B09F /* Release */,
			);
			defaultConfigurationIsVisible = 0;
			defaultConfigurationName = Release;
		};
		6FEECA80193869570007B09F /* Build configuration list for PBXNativeTarget "slider" */ = {
			isa = XCConfigurationList;
			buildConfigurations = (
				6FEECA81193869570007B09F /* Debug */,
				6FEECA82193869570007B09F /* Release */,
			);
			defaultConfigurationIsVisible = 0;
			defaultConfigurationName = Release;
		};
		6FEECA83193869570007B09F /* Build configuration list for PBXNativeTarget "sliderTests" */ = {
			isa = XCConfigurationList;
			buildConfigurations = (
				6FEECA84193869570007B09F /* Debug */,
				6FEECA85193869570007B09F /* Release */,
			);
			defaultConfigurationIsVisible = 0;
			defaultConfigurationName = Release;
		};
/* End XCConfigurationList section */
	};
	rootObject = 6FEECA4C193869560007B09F /* Project object */;
}
